
Microsoft Visual Studio Solution File, Format Version 12.00
# Visual Studio Version 16
VisualStudioVersion = 16.0.31205.134
MinimumVisualStudioVersion = 10.0.40219.1
Project("{9A19103F-16F7-4668-BE54-9A1E7A4F7556}") = "TestDicomDomainMapper", "TestDicomDomainMapper\TestDicomDomainMapper.csproj", "{2EE6BFF1-43D7-4364-9A43-3CDACAC02FDB}"
EndProject
Project("{FAE04EC0-301F-11D3-BF4B-00C04F79EFBC}") = "Dicom.Domain", "Dicom.Domain\Dicom.Domain.csproj", "{B17A43C8-DDF7-419E-AFFB-25A373823020}"
EndProject
Project("{FAE04EC0-301F-11D3-BF4B-00C04F79EFBC}") = "Dicom.Infrastructure", "Dicom.Infrastructure\Dicom.Infrastructure.csproj", "{944FA3FF-D9E1-4C1F-882B-E36E864262D0}"
EndProject
Project("{FAE04EC0-301F-11D3-BF4B-00C04F79EFBC}") = "Dicom.Infrastructure.Test", "Dicom.Infrastructure.Test\Dicom.Infrastructure.Test.csproj", "{085DA72D-60DB-496D-8FA1-38ED974C1A4F}"
EndProject
Global
	GlobalSection(SolutionConfigurationPlatforms) = preSolution
		Debug|Any CPU = Debug|Any CPU
		Release|Any CPU = Release|Any CPU
	EndGlobalSection
	GlobalSection(ProjectConfigurationPlatforms) = postSolution
		{2EE6BFF1-43D7-4364-9A43-3CDACAC02FDB}.Debug|Any CPU.ActiveCfg = Debug|Any CPU
		{2EE6BFF1-43D7-4364-9A43-3CDACAC02FDB}.Debug|Any CPU.Build.0 = Debug|Any CPU
		{2EE6BFF1-43D7-4364-9A43-3CDACAC02FDB}.Release|Any CPU.ActiveCfg = Release|Any CPU
		{2EE6BFF1-43D7-4364-9A43-3CDACAC02FDB}.Release|Any CPU.Build.0 = Release|Any CPU
		{B17A43C8-DDF7-419E-AFFB-25A373823020}.Debug|Any CPU.ActiveCfg = Debug|Any CPU
		{B17A43C8-DDF7-419E-AFFB-25A373823020}.Debug|Any CPU.Build.0 = Debug|Any CPU
		{B17A43C8-DDF7-419E-AFFB-25A373823020}.Release|Any CPU.ActiveCfg = Release|Any CPU
		{B17A43C8-DDF7-419E-AFFB-25A373823020}.Release|Any CPU.Build.0 = Release|Any CPU
		{944FA3FF-D9E1-4C1F-882B-E36E864262D0}.Debug|Any CPU.ActiveCfg = Debug|Any CPU
		{944FA3FF-D9E1-4C1F-882B-E36E864262D0}.Debug|Any CPU.Build.0 = Debug|Any CPU
		{944FA3FF-D9E1-4C1F-882B-E36E864262D0}.Release|Any CPU.ActiveCfg = Release|Any CPU
		{944FA3FF-D9E1-4C1F-882B-E36E864262D0}.Release|Any CPU.Build.0 = Release|Any CPU
		{085DA72D-60DB-496D-8FA1-38ED974C1A4F}.Debug|Any CPU.ActiveCfg = Debug|Any CPU
		{085DA72D-60DB-496D-8FA1-38ED974C1A4F}.Debug|Any CPU.Build.0 = Debug|Any CPU
		{085DA72D-60DB-496D-8FA1-38ED974C1A4F}.Release|Any CPU.ActiveCfg = Release|Any CPU
		{085DA72D-60DB-496D-8FA1-38ED974C1A4F}.Release|Any CPU.Build.0 = Release|Any CPU
	EndGlobalSection
	GlobalSection(SolutionProperties) = preSolution
		HideSolutionNode = FALSE
	EndGlobalSection
	GlobalSection(ExtensibilityGlobals) = postSolution
		SolutionGuid = {2103FEA6-BE71-4BB5-ACAF-58C5D15C51BC}
	EndGlobalSection
EndGlobal
